# THIS IS AN AUTOGENERATED FILE. DO NOT EDIT THIS FILE DIRECTLY.
# yarn lockfile v1


netmask@^1.0.6:
  version "1.0.6"
  resolved "https://registry.yarnpkg.com/netmask/-/netmask-1.0.6.tgz#20297e89d86f6f6400f250d9f4f6b4c1945fcd35"
  integrity sha1-ICl+idhvb2QA8lDZ9Pa0wZRfzTU=

node-pac@^0.4.0:
  version "0.4.0"
  resolved "https://registry.yarnpkg.com/node-pac/-/node-pac-0.4.0.tgz#1231ced58162194372b9f5d42fd7e06033398b65"
  integrity sha512-/b8J0bVye5Po/01d0W7WFaK0ff0w4wv5SftAmkU9fy0bZTpukUGupaNQ8+YD49g3mjQ1RAg+3tB6fNvh2VbqsQ==
  dependencies:
    netmask "^1.0.6"
