# THIS IS AN AUTOGENERATED FILE. DO NOT EDIT THIS FILE DIRECTLY.
# yarn lockfile v1


vant-weapp@^0.5.23:
  version "0.5.23"
  resolved "http://nexus.ops.svc.cluster.test/repository/npm-all/vant-weapp/-/vant-weapp-0.5.23.tgz#e3dcf162e15f74e6637a9b6f88e324acf10b5155"

we-app@^0.0.1:
  version "0.0.1"
  resolved "http://nexus.ops.svc.cluster.test/repository/npm-all/we-app/-/we-app-0.0.1.tgz#9e6eea1640823dcefa7f4335ca7b13600ab86922"
  dependencies:
    vant-weapp "^0.5.23"
